
Microsoft Visual Studio Solution File, Format Version 12.00
# Visual Studio 15
VisualStudioVersion = 15.0.27130.2010
MinimumVisualStudioVersion = 10.0.40219.1
Project("{FAE04EC0-301F-11D3-BF4B-00C04F79EFBC}") = "Monopoly Game", "Monopoly Game\Monopoly Game.csproj", "{423A3A54-47D5-4A9F-AB77-C577B939D4FA}"
EndProject
Global
	GlobalSection(SolutionConfigurationPlatforms) = preSolution
		Debug|Any CPU = Debug|Any CPU
		Release|Any CPU = Release|Any CPU
	EndGlobalSection
	GlobalSection(ProjectConfigurationPlatforms) = postSolution
		{423A3A54-47D5-4A9F-AB77-C577B939D4FA}.Debug|Any CPU.ActiveCfg = Debug|Any CPU
		{423A3A54-47D5-4A9F-AB77-C577B939D4FA}.Debug|Any CPU.Build.0 = Debug|Any CPU
		{423A3A54-47D5-4A9F-AB77-C577B939D4FA}.Release|Any CPU.ActiveCfg = Release|Any CPU
		{423A3A54-47D5-4A9F-AB77-C577B939D4FA}.Release|Any CPU.Build.0 = Release|Any CPU
	EndGlobalSection
	GlobalSection(SolutionProperties) = preSolution
		HideSolutionNode = FALSE
	EndGlobalSection
	GlobalSection(ExtensibilityGlobals) = postSolution
		SolutionGuid = {F885B29B-0D7B-4D35-80A5-97ECE8D2328C}
	EndGlobalSection
EndGlobal
